
Microsoft Visual Studio Solution File, Format Version 12.00
# Visual Studio 15
VisualStudioVersion = 15.0.27130.2003
MinimumVisualStudioVersion = 10.0.40219.1
Project("{FAE04EC0-301F-11D3-BF4B-00C04F79EFBC}") = "POWebClient", "POProject\POWebClient.csproj", "{7B350414-1C9E-4DA5-A4FD-2C801FEFABF3}"
EndProject
Project("{FAE04EC0-301F-11D3-BF4B-00C04F79EFBC}") = "POProject.CommandAdapter", "POProject.CommandAdapter\POProject.CommandAdapter.csproj", "{DA873CC6-2751-47C0-92E4-4F9866503EC6}"
EndProject
Project("{FAE04EC0-301F-11D3-BF4B-00C04F79EFBC}") = "POProject.Client", "POProject.Client\POProject.Client.csproj", "{05614362-2645-459E-8643-EAE556FF835A}"
EndProject
Project("{FAE04EC0-301F-11D3-BF4B-00C04F79EFBC}") = "POProject.BusinessLogic", "POProject.BussinessLogic\POProject.BusinessLogic.csproj", "{64B11FE3-A093-4C9C-80B5-C981F5B977C8}"
EndProject
Project("{FAE04EC0-301F-11D3-BF4B-00C04F79EFBC}") = "POProject.DataAccess", "POProject.DataAccess\POProject.DataAccess.csproj", "{656F188D-2D6D-4F24-9B96-9F8AF7A918FD}"
EndProject
Project("{FAE04EC0-301F-11D3-BF4B-00C04F79EFBC}") = "TestConnectionConsole", "TestConnectionConsole\TestConnectionConsole.csproj", "{5879071B-01A2-4D7E-9E8E-61AC9EAD968B}"
EndProject
Project("{FAE04EC0-301F-11D3-BF4B-00C04F79EFBC}") = "POProject.MVC.Flan", "POProject.MVC.Flan\POProject.MVC.Flan.csproj", "{7FDBC516-29E9-471C-8F31-6AA71F736608}"
EndProject
Project("{FAE04EC0-301F-11D3-BF4B-00C04F79EFBC}") = "POFtpSender", "POFtpSender\POFtpSender.csproj", "{745C5F3C-F1ED-45BF-A8D6-874AC67DB6E2}"
EndProject
Project("{FAE04EC0-301F-11D3-BF4B-00C04F79EFBC}") = "POProject.API", "POProject.API\POProject.API.csproj", "{DC873533-91DD-4A38-BB59-E3AF4337E02F}"
EndProject
Project("{FAE04EC0-301F-11D3-BF4B-00C04F79EFBC}") = "ForTestPurpose", "ForTestPurpose\ForTestPurpose.csproj", "{A9963025-AA0F-4237-A217-BDD727AE8826}"
EndProject
Project("{FAE04EC0-301F-11D3-BF4B-00C04F79EFBC}") = "POAdministrationTools", "POEncryptionTools\POAdministrationTools.csproj", "{E40A9388-F3B0-4DA3-AE25-0E59FC111F22}"
EndProject
Project("{FAE04EC0-301F-11D3-BF4B-00C04F79EFBC}") = "POProject.Membership", "POProject.Membership\POProject.Membership.csproj", "{68F6F382-5B0F-485A-9A94-BAE4529D1EF0}"
EndProject
Project("{FAE04EC0-301F-11D3-BF4B-00C04F79EFBC}") = "Monitoring.API", "Monitoring.API\Monitoring.API.csproj", "{360DE927-A28D-4613-9350-6889693A6B7B}"
EndProject
Project("{FAE04EC0-301F-11D3-BF4B-00C04F79EFBC}") = "POUpdaterApps", "POUpdaterApps\POUpdaterApps.csproj", "{147057AB-3CD6-40B0-87A5-D78857EBD500}"
EndProject
Project("{FAE04EC0-301F-11D3-BF4B-00C04F79EFBC}") = "Pemkot.OnlineMonitoringApp", "Pemkot.OnlineMonitoringApp\Pemkot.OnlineMonitoringApp.csproj", "{22A852C8-06C0-4DE9-95FE-6E0565501580}"
EndProject
Project("{FAE04EC0-301F-11D3-BF4B-00C04F79EFBC}") = "SignalRClient", "SignalRClient\SignalRClient.csproj", "{AF1EF957-FA68-4627-BAA6-3E6C7604BCCA}"
EndProject
Project("{FAE04EC0-301F-11D3-BF4B-00C04F79EFBC}") = "SignalRClientJS", "SignalRClientJS\SignalRClientJS.csproj", "{810289E7-C5A8-4AA0-9BC8-6DA489C33BE0}"
EndProject
Global
	GlobalSection(SolutionConfigurationPlatforms) = preSolution
		Debug|Any CPU = Debug|Any CPU
		Release|Any CPU = Release|Any CPU
	EndGlobalSection
	GlobalSection(ProjectConfigurationPlatforms) = postSolution
		{7B350414-1C9E-4DA5-A4FD-2C801FEFABF3}.Debug|Any CPU.ActiveCfg = Debug|Any CPU
		{7B350414-1C9E-4DA5-A4FD-2C801FEFABF3}.Debug|Any CPU.Build.0 = Debug|Any CPU
		{7B350414-1C9E-4DA5-A4FD-2C801FEFABF3}.Release|Any CPU.ActiveCfg = Release|Any CPU
		{7B350414-1C9E-4DA5-A4FD-2C801FEFABF3}.Release|Any CPU.Build.0 = Release|Any CPU
		{DA873CC6-2751-47C0-92E4-4F9866503EC6}.Debug|Any CPU.ActiveCfg = Debug|Any CPU
		{DA873CC6-2751-47C0-92E4-4F9866503EC6}.Debug|Any CPU.Build.0 = Debug|Any CPU
		{DA873CC6-2751-47C0-92E4-4F9866503EC6}.Release|Any CPU.ActiveCfg = Release|Any CPU
		{DA873CC6-2751-47C0-92E4-4F9866503EC6}.Release|Any CPU.Build.0 = Release|Any CPU
		{05614362-2645-459E-8643-EAE556FF835A}.Debug|Any CPU.ActiveCfg = Debug|Any CPU
		{05614362-2645-459E-8643-EAE556FF835A}.Debug|Any CPU.Build.0 = Debug|Any CPU
		{05614362-2645-459E-8643-EAE556FF835A}.Release|Any CPU.ActiveCfg = Release|Any CPU
		{05614362-2645-459E-8643-EAE556FF835A}.Release|Any CPU.Build.0 = Release|Any CPU
		{64B11FE3-A093-4C9C-80B5-C981F5B977C8}.Debug|Any CPU.ActiveCfg = Debug|Any CPU
		{64B11FE3-A093-4C9C-80B5-C981F5B977C8}.Debug|Any CPU.Build.0 = Debug|Any CPU
		{64B11FE3-A093-4C9C-80B5-C981F5B977C8}.Release|Any CPU.ActiveCfg = Release|Any CPU
		{64B11FE3-A093-4C9C-80B5-C981F5B977C8}.Release|Any CPU.Build.0 = Release|Any CPU
		{656F188D-2D6D-4F24-9B96-9F8AF7A918FD}.Debug|Any CPU.ActiveCfg = Debug|Any CPU
		{656F188D-2D6D-4F24-9B96-9F8AF7A918FD}.Debug|Any CPU.Build.0 = Debug|Any CPU
		{656F188D-2D6D-4F24-9B96-9F8AF7A918FD}.Release|Any CPU.ActiveCfg = Release|Any CPU
		{656F188D-2D6D-4F24-9B96-9F8AF7A918FD}.Release|Any CPU.Build.0 = Release|Any CPU
		{5879071B-01A2-4D7E-9E8E-61AC9EAD968B}.Debug|Any CPU.ActiveCfg = Debug|Any CPU
		{5879071B-01A2-4D7E-9E8E-61AC9EAD968B}.Debug|Any CPU.Build.0 = Debug|Any CPU
		{5879071B-01A2-4D7E-9E8E-61AC9EAD968B}.Release|Any CPU.ActiveCfg = Release|Any CPU
		{5879071B-01A2-4D7E-9E8E-61AC9EAD968B}.Release|Any CPU.Build.0 = Release|Any CPU
		{7FDBC516-29E9-471C-8F31-6AA71F736608}.Debug|Any CPU.ActiveCfg = Debug|Any CPU
		{7FDBC516-29E9-471C-8F31-6AA71F736608}.Debug|Any CPU.Build.0 = Debug|Any CPU
		{7FDBC516-29E9-471C-8F31-6AA71F736608}.Release|Any CPU.ActiveCfg = Release|Any CPU
		{7FDBC516-29E9-471C-8F31-6AA71F736608}.Release|Any CPU.Build.0 = Release|Any CPU
		{745C5F3C-F1ED-45BF-A8D6-874AC67DB6E2}.Debug|Any CPU.ActiveCfg = Debug|Any CPU
		{745C5F3C-F1ED-45BF-A8D6-874AC67DB6E2}.Debug|Any CPU.Build.0 = Debug|Any CPU
		{745C5F3C-F1ED-45BF-A8D6-874AC67DB6E2}.Release|Any CPU.ActiveCfg = Release|Any CPU
		{745C5F3C-F1ED-45BF-A8D6-874AC67DB6E2}.Release|Any CPU.Build.0 = Release|Any CPU
		{DC873533-91DD-4A38-BB59-E3AF4337E02F}.Debug|Any CPU.ActiveCfg = Debug|Any CPU
		{DC873533-91DD-4A38-BB59-E3AF4337E02F}.Debug|Any CPU.Build.0 = Debug|Any CPU
		{DC873533-91DD-4A38-BB59-E3AF4337E02F}.Release|Any CPU.ActiveCfg = Release|Any CPU
		{DC873533-91DD-4A38-BB59-E3AF4337E02F}.Release|Any CPU.Build.0 = Release|Any CPU
		{A9963025-AA0F-4237-A217-BDD727AE8826}.Debug|Any CPU.ActiveCfg = Debug|Any CPU
		{A9963025-AA0F-4237-A217-BDD727AE8826}.Debug|Any CPU.Build.0 = Debug|Any CPU
		{A9963025-AA0F-4237-A217-BDD727AE8826}.Release|Any CPU.ActiveCfg = Release|Any CPU
		{A9963025-AA0F-4237-A217-BDD727AE8826}.Release|Any CPU.Build.0 = Release|Any CPU
		{E40A9388-F3B0-4DA3-AE25-0E59FC111F22}.Debug|Any CPU.ActiveCfg = Debug|Any CPU
		{E40A9388-F3B0-4DA3-AE25-0E59FC111F22}.Debug|Any CPU.Build.0 = Debug|Any CPU
		{E40A9388-F3B0-4DA3-AE25-0E59FC111F22}.Release|Any CPU.ActiveCfg = Release|Any CPU
		{E40A9388-F3B0-4DA3-AE25-0E59FC111F22}.Release|Any CPU.Build.0 = Release|Any CPU
		{68F6F382-5B0F-485A-9A94-BAE4529D1EF0}.Debug|Any CPU.ActiveCfg = Debug|Any CPU
		{68F6F382-5B0F-485A-9A94-BAE4529D1EF0}.Debug|Any CPU.Build.0 = Debug|Any CPU
		{68F6F382-5B0F-485A-9A94-BAE4529D1EF0}.Release|Any CPU.ActiveCfg = Release|Any CPU
		{68F6F382-5B0F-485A-9A94-BAE4529D1EF0}.Release|Any CPU.Build.0 = Release|Any CPU
		{360DE927-A28D-4613-9350-6889693A6B7B}.Debug|Any CPU.ActiveCfg = Debug|Any CPU
		{360DE927-A28D-4613-9350-6889693A6B7B}.Debug|Any CPU.Build.0 = Debug|Any CPU
		{360DE927-A28D-4613-9350-6889693A6B7B}.Release|Any CPU.ActiveCfg = Release|Any CPU
		{360DE927-A28D-4613-9350-6889693A6B7B}.Release|Any CPU.Build.0 = Release|Any CPU
		{147057AB-3CD6-40B0-87A5-D78857EBD500}.Debug|Any CPU.ActiveCfg = Debug|Any CPU
		{147057AB-3CD6-40B0-87A5-D78857EBD500}.Debug|Any CPU.Build.0 = Debug|Any CPU
		{147057AB-3CD6-40B0-87A5-D78857EBD500}.Release|Any CPU.ActiveCfg = Release|Any CPU
		{147057AB-3CD6-40B0-87A5-D78857EBD500}.Release|Any CPU.Build.0 = Release|Any CPU
		{22A852C8-06C0-4DE9-95FE-6E0565501580}.Debug|Any CPU.ActiveCfg = Debug|Any CPU
		{22A852C8-06C0-4DE9-95FE-6E0565501580}.Debug|Any CPU.Build.0 = Debug|Any CPU
		{22A852C8-06C0-4DE9-95FE-6E0565501580}.Release|Any CPU.ActiveCfg = Release|Any CPU
		{22A852C8-06C0-4DE9-95FE-6E0565501580}.Release|Any CPU.Build.0 = Release|Any CPU
		{AF1EF957-FA68-4627-BAA6-3E6C7604BCCA}.Debug|Any CPU.ActiveCfg = Debug|Any CPU
		{AF1EF957-FA68-4627-BAA6-3E6C7604BCCA}.Debug|Any CPU.Build.0 = Debug|Any CPU
		{AF1EF957-FA68-4627-BAA6-3E6C7604BCCA}.Release|Any CPU.ActiveCfg = Release|Any CPU
		{AF1EF957-FA68-4627-BAA6-3E6C7604BCCA}.Release|Any CPU.Build.0 = Release|Any CPU
		{810289E7-C5A8-4AA0-9BC8-6DA489C33BE0}.Debug|Any CPU.ActiveCfg = Debug|Any CPU
		{810289E7-C5A8-4AA0-9BC8-6DA489C33BE0}.Debug|Any CPU.Build.0 = Debug|Any CPU
		{810289E7-C5A8-4AA0-9BC8-6DA489C33BE0}.Release|Any CPU.ActiveCfg = Release|Any CPU
		{810289E7-C5A8-4AA0-9BC8-6DA489C33BE0}.Release|Any CPU.Build.0 = Release|Any CPU
	EndGlobalSection
	GlobalSection(SolutionProperties) = preSolution
		HideSolutionNode = FALSE
	EndGlobalSection
	GlobalSection(ExtensibilityGlobals) = postSolution
		SolutionGuid = {9B71512B-A541-4753-8990-95A30703A4C4}
	EndGlobalSection
EndGlobal
